
Microsoft Visual Studio Solution File, Format Version 12.00
# Visual Studio Version 17
VisualStudioVersion = 17.2.32630.192
MinimumVisualStudioVersion = 10.0.40219.1
Project("{9A19103F-16F7-4668-BE54-9A1E7A4F7556}") = "AppointmentService", "AppointmentServiceApi\AppointmentService.csproj", "{4DEDFCDD-C7C9-45D1-9C3B-787653FC88EF}"
EndProject
Project("{614cc2ad-3b68-458f-b00f-467e742802ad}") = "AppointmentTests", "AppointmentTests\AppointmentTests.csproj", "{FD53DDEA-0743-4BD0-98CA-9336C42C7F01}"
EndProject
Global
	GlobalSection(SolutionConfigurationPlatforms) = preSolution
		Debug|Any CPU = Debug|Any CPU
		Release|Any CPU = Release|Any CPU
	EndGlobalSection
	GlobalSection(ProjectConfigurationPlatforms) = postSolution
		{4DEDFCDD-C7C9-45D1-9C3B-787653FC88EF}.Debug|Any CPU.ActiveCfg = Debug|Any CPU
		{4DEDFCDD-C7C9-45D1-9C3B-787653FC88EF}.Debug|Any CPU.Build.0 = Debug|Any CPU
		{4DEDFCDD-C7C9-45D1-9C3B-787653FC88EF}.Release|Any CPU.ActiveCfg = Release|Any CPU
		{4DEDFCDD-C7C9-45D1-9C3B-787653FC88EF}.Release|Any CPU.Build.0 = Release|Any CPU
		{FD53DDEA-0743-4BD0-98CA-9336C42C7F01}.Debug|Any CPU.ActiveCfg = Debug|Any CPU
		{FD53DDEA-0743-4BD0-98CA-9336C42C7F01}.Debug|Any CPU.Build.0 = Debug|Any CPU
		{FD53DDEA-0743-4BD0-98CA-9336C42C7F01}.Release|Any CPU.ActiveCfg = Release|Any CPU
		{FD53DDEA-0743-4BD0-98CA-9336C42C7F01}.Release|Any CPU.Build.0 = Release|Any CPU
	EndGlobalSection
	GlobalSection(SolutionProperties) = preSolution
		HideSolutionNode = FALSE
	EndGlobalSection
	GlobalSection(ExtensibilityGlobals) = postSolution
		SolutionGuid = {FC1EC31E-85A3-4663-8DEB-EA620A1F6C10}
	EndGlobalSection
EndGlobal
